
Microsoft Visual Studio Solution File, Format Version 12.00
# Visual Studio 15
VisualStudioVersion = 15.0.26430.12
MinimumVisualStudioVersion = 10.0.40219.1
Project("{2150E333-8FDC-42A3-9474-1A3956D46DE8}") = "src", "src", "{2911F2CC-1BDB-46FD-806E-129202A37F75}"
EndProject
Project("{2150E333-8FDC-42A3-9474-1A3956D46DE8}") = "test", "test", "{6C5AC821-D3E9-4FD3-BF1D-4EE546F611CC}"
EndProject
Project("{2150E333-8FDC-42A3-9474-1A3956D46DE8}") = "_other", "_other", "{EA599251-5AAC-4BEF-9001-05A3F35585D6}"
EndProject
Project("{2150E333-8FDC-42A3-9474-1A3956D46DE8}") = "sample", "sample", "{1A3A23F8-DA4A-44BD-BD8E-6EF61C2A8007}"
EndProject
Project("{FAE04EC0-301F-11D3-BF4B-00C04F79EFBC}") = "BitFlyer.Apis", "src\BitFlyer.Apis\BitFlyer.Apis.csproj", "{01865C9C-7B03-486F-976C-6AF3976CDB3D}"
EndProject
Project("{9A19103F-16F7-4668-BE54-9A1E7A4F7556}") = "BitFlyer.Apis.NetCore", "src\BitFlyer.Apis.NetCore\BitFlyer.Apis.NetCore.csproj", "{FB53F379-1CAA-4D55-9DA4-181EAB75DE86}"
EndProject
Project("{9A19103F-16F7-4668-BE54-9A1E7A4F7556}") = "BitFlyer.Apis.Test.NetCore", "test\BitFlyer.Apis.Test.NetCore\BitFlyer.Apis.Test.NetCore.csproj", "{26F4ED0E-073C-498C-AB0B-54C09B07360D}"
EndProject
Project("{FAE04EC0-301F-11D3-BF4B-00C04F79EFBC}") = "BitFlyer.Sample", "sample\BitFlyer.Sample\BitFlyer.Sample.csproj", "{DCD04ED8-AE91-4F95-BCBE-ECCA2F3B3ED1}"
EndProject
Project("{FAE04EC0-301F-11D3-BF4B-00C04F79EFBC}") = "BitFlyer.Apis.Portable", "src\BitFlyer.Apis.Portable\BitFlyer.Apis.Portable.csproj", "{BC31D6C9-8F90-4E79-9182-530752B4D2A9}"
EndProject
Project("{FAE04EC0-301F-11D3-BF4B-00C04F79EFBC}") = "BitFlyer.Apis.Test", "test\BitFlyer.Apis.Test\BitFlyer.Apis.Test.csproj", "{78161849-9040-4241-84B7-4DA0314DC7B7}"
EndProject
Global
	GlobalSection(SolutionConfigurationPlatforms) = preSolution
		Debug|Any CPU = Debug|Any CPU
		Debug|ARM = Debug|ARM
		Debug|x64 = Debug|x64
		Debug|x86 = Debug|x86
		Release|Any CPU = Release|Any CPU
		Release|ARM = Release|ARM
		Release|x64 = Release|x64
		Release|x86 = Release|x86
	EndGlobalSection
	GlobalSection(ProjectConfigurationPlatforms) = postSolution
		{01865C9C-7B03-486F-976C-6AF3976CDB3D}.Debug|Any CPU.ActiveCfg = Debug|Any CPU
		{01865C9C-7B03-486F-976C-6AF3976CDB3D}.Debug|Any CPU.Build.0 = Debug|Any CPU
		{01865C9C-7B03-486F-976C-6AF3976CDB3D}.Debug|ARM.ActiveCfg = Debug|Any CPU
		{01865C9C-7B03-486F-976C-6AF3976CDB3D}.Debug|ARM.Build.0 = Debug|Any CPU
		{01865C9C-7B03-486F-976C-6AF3976CDB3D}.Debug|x64.ActiveCfg = Debug|Any CPU
		{01865C9C-7B03-486F-976C-6AF3976CDB3D}.Debug|x64.Build.0 = Debug|Any CPU
		{01865C9C-7B03-486F-976C-6AF3976CDB3D}.Debug|x86.ActiveCfg = Debug|Any CPU
		{01865C9C-7B03-486F-976C-6AF3976CDB3D}.Debug|x86.Build.0 = Debug|Any CPU
		{01865C9C-7B03-486F-976C-6AF3976CDB3D}.Release|Any CPU.ActiveCfg = Release|Any CPU
		{01865C9C-7B03-486F-976C-6AF3976CDB3D}.Release|Any CPU.Build.0 = Release|Any CPU
		{01865C9C-7B03-486F-976C-6AF3976CDB3D}.Release|ARM.ActiveCfg = Release|Any CPU
		{01865C9C-7B03-486F-976C-6AF3976CDB3D}.Release|ARM.Build.0 = Release|Any CPU
		{01865C9C-7B03-486F-976C-6AF3976CDB3D}.Release|x64.ActiveCfg = Release|Any CPU
		{01865C9C-7B03-486F-976C-6AF3976CDB3D}.Release|x64.Build.0 = Release|Any CPU
		{01865C9C-7B03-486F-976C-6AF3976CDB3D}.Release|x86.ActiveCfg = Release|Any CPU
		{01865C9C-7B03-486F-976C-6AF3976CDB3D}.Release|x86.Build.0 = Release|Any CPU
		{FB53F379-1CAA-4D55-9DA4-181EAB75DE86}.Debug|Any CPU.ActiveCfg = Debug|Any CPU
		{FB53F379-1CAA-4D55-9DA4-181EAB75DE86}.Debug|Any CPU.Build.0 = Debug|Any CPU
		{FB53F379-1CAA-4D55-9DA4-181EAB75DE86}.Debug|ARM.ActiveCfg = Debug|Any CPU
		{FB53F379-1CAA-4D55-9DA4-181EAB75DE86}.Debug|ARM.Build.0 = Debug|Any CPU
		{FB53F379-1CAA-4D55-9DA4-181EAB75DE86}.Debug|x64.ActiveCfg = Debug|Any CPU
		{FB53F379-1CAA-4D55-9DA4-181EAB75DE86}.Debug|x64.Build.0 = Debug|Any CPU
		{FB53F379-1CAA-4D55-9DA4-181EAB75DE86}.Debug|x86.ActiveCfg = Debug|Any CPU
		{FB53F379-1CAA-4D55-9DA4-181EAB75DE86}.Debug|x86.Build.0 = Debug|Any CPU
		{FB53F379-1CAA-4D55-9DA4-181EAB75DE86}.Release|Any CPU.ActiveCfg = Release|Any CPU
		{FB53F379-1CAA-4D55-9DA4-181EAB75DE86}.Release|Any CPU.Build.0 = Release|Any CPU
		{FB53F379-1CAA-4D55-9DA4-181EAB75DE86}.Release|ARM.ActiveCfg = Release|Any CPU
		{FB53F379-1CAA-4D55-9DA4-181EAB75DE86}.Release|ARM.Build.0 = Release|Any CPU
		{FB53F379-1CAA-4D55-9DA4-181EAB75DE86}.Release|x64.ActiveCfg = Release|Any CPU
		{FB53F379-1CAA-4D55-9DA4-181EAB75DE86}.Release|x64.Build.0 = Release|Any CPU
		{FB53F379-1CAA-4D55-9DA4-181EAB75DE86}.Release|x86.ActiveCfg = Release|Any CPU
		{FB53F379-1CAA-4D55-9DA4-181EAB75DE86}.Release|x86.Build.0 = Release|Any CPU
		{26F4ED0E-073C-498C-AB0B-54C09B07360D}.Debug|Any CPU.ActiveCfg = Debug|Any CPU
		{26F4ED0E-073C-498C-AB0B-54C09B07360D}.Debug|Any CPU.Build.0 = Debug|Any CPU
		{26F4ED0E-073C-498C-AB0B-54C09B07360D}.Debug|ARM.ActiveCfg = Debug|Any CPU
		{26F4ED0E-073C-498C-AB0B-54C09B07360D}.Debug|ARM.Build.0 = Debug|Any CPU
		{26F4ED0E-073C-498C-AB0B-54C09B07360D}.Debug|x64.ActiveCfg = Debug|Any CPU
		{26F4ED0E-073C-498C-AB0B-54C09B07360D}.Debug|x64.Build.0 = Debug|Any CPU
		{26F4ED0E-073C-498C-AB0B-54C09B07360D}.Debug|x86.ActiveCfg = Debug|Any CPU
		{26F4ED0E-073C-498C-AB0B-54C09B07360D}.Debug|x86.Build.0 = Debug|Any CPU
		{26F4ED0E-073C-498C-AB0B-54C09B07360D}.Release|Any CPU.ActiveCfg = Release|Any CPU
		{26F4ED0E-073C-498C-AB0B-54C09B07360D}.Release|Any CPU.Build.0 = Release|Any CPU
		{26F4ED0E-073C-498C-AB0B-54C09B07360D}.Release|ARM.ActiveCfg = Release|Any CPU
		{26F4ED0E-073C-498C-AB0B-54C09B07360D}.Release|ARM.Build.0 = Release|Any CPU
		{26F4ED0E-073C-498C-AB0B-54C09B07360D}.Release|x64.ActiveCfg = Release|Any CPU
		{26F4ED0E-073C-498C-AB0B-54C09B07360D}.Release|x64.Build.0 = Release|Any CPU
		{26F4ED0E-073C-498C-AB0B-54C09B07360D}.Release|x86.ActiveCfg = Release|Any CPU
		{26F4ED0E-073C-498C-AB0B-54C09B07360D}.Release|x86.Build.0 = Release|Any CPU
		{DCD04ED8-AE91-4F95-BCBE-ECCA2F3B3ED1}.Debug|Any CPU.ActiveCfg = Debug|Any CPU
		{DCD04ED8-AE91-4F95-BCBE-ECCA2F3B3ED1}.Debug|Any CPU.Build.0 = Debug|Any CPU
		{DCD04ED8-AE91-4F95-BCBE-ECCA2F3B3ED1}.Debug|ARM.ActiveCfg = Debug|Any CPU
		{DCD04ED8-AE91-4F95-BCBE-ECCA2F3B3ED1}.Debug|ARM.Build.0 = Debug|Any CPU
		{DCD04ED8-AE91-4F95-BCBE-ECCA2F3B3ED1}.Debug|x64.ActiveCfg = Debug|Any CPU
		{DCD04ED8-AE91-4F95-BCBE-ECCA2F3B3ED1}.Debug|x64.Build.0 = Debug|Any CPU
		{DCD04ED8-AE91-4F95-BCBE-ECCA2F3B3ED1}.Debug|x86.ActiveCfg = Debug|Any CPU
		{DCD04ED8-AE91-4F95-BCBE-ECCA2F3B3ED1}.Debug|x86.Build.0 = Debug|Any CPU
		{DCD04ED8-AE91-4F95-BCBE-ECCA2F3B3ED1}.Release|Any CPU.ActiveCfg = Release|Any CPU
		{DCD04ED8-AE91-4F95-BCBE-ECCA2F3B3ED1}.Release|Any CPU.Build.0 = Release|Any CPU
		{DCD04ED8-AE91-4F95-BCBE-ECCA2F3B3ED1}.Release|ARM.ActiveCfg = Release|Any CPU
		{DCD04ED8-AE91-4F95-BCBE-ECCA2F3B3ED1}.Release|ARM.Build.0 = Release|Any CPU
		{DCD04ED8-AE91-4F95-BCBE-ECCA2F3B3ED1}.Release|x64.ActiveCfg = Release|Any CPU
		{DCD04ED8-AE91-4F95-BCBE-ECCA2F3B3ED1}.Release|x64.Build.0 = Release|Any CPU
		{DCD04ED8-AE91-4F95-BCBE-ECCA2F3B3ED1}.Release|x86.ActiveCfg = Release|Any CPU
		{DCD04ED8-AE91-4F95-BCBE-ECCA2F3B3ED1}.Release|x86.Build.0 = Release|Any CPU
		{BC31D6C9-8F90-4E79-9182-530752B4D2A9}.Debug|Any CPU.ActiveCfg = Debug|Any CPU
		{BC31D6C9-8F90-4E79-9182-530752B4D2A9}.Debug|Any CPU.Build.0 = Debug|Any CPU
		{BC31D6C9-8F90-4E79-9182-530752B4D2A9}.Debug|ARM.ActiveCfg = Debug|Any CPU
		{BC31D6C9-8F90-4E79-9182-530752B4D2A9}.Debug|ARM.Build.0 = Debug|Any CPU
		{BC31D6C9-8F90-4E79-9182-530752B4D2A9}.Debug|x64.ActiveCfg = Debug|Any CPU
		{BC31D6C9-8F90-4E79-9182-530752B4D2A9}.Debug|x64.Build.0 = Debug|Any CPU
		{BC31D6C9-8F90-4E79-9182-530752B4D2A9}.Debug|x86.ActiveCfg = Debug|Any CPU
		{BC31D6C9-8F90-4E79-9182-530752B4D2A9}.Debug|x86.Build.0 = Debug|Any CPU
		{BC31D6C9-8F90-4E79-9182-530752B4D2A9}.Release|Any CPU.ActiveCfg = Release|Any CPU
		{BC31D6C9-8F90-4E79-9182-530752B4D2A9}.Release|Any CPU.Build.0 = Release|Any CPU
		{BC31D6C9-8F90-4E79-9182-530752B4D2A9}.Release|ARM.ActiveCfg = Release|Any CPU
		{BC31D6C9-8F90-4E79-9182-530752B4D2A9}.Release|ARM.Build.0 = Release|Any CPU
		{BC31D6C9-8F90-4E79-9182-530752B4D2A9}.Release|x64.ActiveCfg = Release|Any CPU
		{BC31D6C9-8F90-4E79-9182-530752B4D2A9}.Release|x64.Build.0 = Release|Any CPU
		{BC31D6C9-8F90-4E79-9182-530752B4D2A9}.Release|x86.ActiveCfg = Release|Any CPU
		{BC31D6C9-8F90-4E79-9182-530752B4D2A9}.Release|x86.Build.0 = Release|Any CPU
		{78161849-9040-4241-84B7-4DA0314DC7B7}.Debug|Any CPU.ActiveCfg = Debug|Any CPU
		{78161849-9040-4241-84B7-4DA0314DC7B7}.Debug|Any CPU.Build.0 = Debug|Any CPU
		{78161849-9040-4241-84B7-4DA0314DC7B7}.Debug|ARM.ActiveCfg = Debug|Any CPU
		{78161849-9040-4241-84B7-4DA0314DC7B7}.Debug|ARM.Build.0 = Debug|Any CPU
		{78161849-9040-4241-84B7-4DA0314DC7B7}.Debug|x64.ActiveCfg = Debug|Any CPU
		{78161849-9040-4241-84B7-4DA0314DC7B7}.Debug|x64.Build.0 = Debug|Any CPU
		{78161849-9040-4241-84B7-4DA0314DC7B7}.Debug|x86.ActiveCfg = Debug|Any CPU
		{78161849-9040-4241-84B7-4DA0314DC7B7}.Debug|x86.Build.0 = Debug|Any CPU
		{78161849-9040-4241-84B7-4DA0314DC7B7}.Release|Any CPU.ActiveCfg = Release|Any CPU
		{78161849-9040-4241-84B7-4DA0314DC7B7}.Release|Any CPU.Build.0 = Release|Any CPU
		{78161849-9040-4241-84B7-4DA0314DC7B7}.Release|ARM.ActiveCfg = Release|Any CPU
		{78161849-9040-4241-84B7-4DA0314DC7B7}.Release|ARM.Build.0 = Release|Any CPU
		{78161849-9040-4241-84B7-4DA0314DC7B7}.Release|x64.ActiveCfg = Release|Any CPU
		{78161849-9040-4241-84B7-4DA0314DC7B7}.Release|x64.Build.0 = Release|Any CPU
		{78161849-9040-4241-84B7-4DA0314DC7B7}.Release|x86.ActiveCfg = Release|Any CPU
		{78161849-9040-4241-84B7-4DA0314DC7B7}.Release|x86.Build.0 = Release|Any CPU
	EndGlobalSection
	GlobalSection(SolutionProperties) = preSolution
		HideSolutionNode = FALSE
	EndGlobalSection
	GlobalSection(NestedProjects) = preSolution
		{01865C9C-7B03-486F-976C-6AF3976CDB3D} = {2911F2CC-1BDB-46FD-806E-129202A37F75}
		{FB53F379-1CAA-4D55-9DA4-181EAB75DE86} = {2911F2CC-1BDB-46FD-806E-129202A37F75}
		{26F4ED0E-073C-498C-AB0B-54C09B07360D} = {6C5AC821-D3E9-4FD3-BF1D-4EE546F611CC}
		{DCD04ED8-AE91-4F95-BCBE-ECCA2F3B3ED1} = {1A3A23F8-DA4A-44BD-BD8E-6EF61C2A8007}
		{BC31D6C9-8F90-4E79-9182-530752B4D2A9} = {2911F2CC-1BDB-46FD-806E-129202A37F75}
		{78161849-9040-4241-84B7-4DA0314DC7B7} = {6C5AC821-D3E9-4FD3-BF1D-4EE546F611CC}
	EndGlobalSection
EndGlobal
