
Microsoft Visual Studio Solution File, Format Version 12.00
# Visual Studio 15
VisualStudioVersion = 15.0.26730.3
MinimumVisualStudioVersion = 10.0.40219.1
Project("{2150E333-8FDC-42A3-9474-1A3956D46DE8}") = "src", "src", "{2911F2CC-1BDB-46FD-806E-129202A37F75}"
EndProject
Project("{2150E333-8FDC-42A3-9474-1A3956D46DE8}") = "test", "test", "{6C5AC821-D3E9-4FD3-BF1D-4EE546F611CC}"
EndProject
Project("{2150E333-8FDC-42A3-9474-1A3956D46DE8}") = "_other", "_other", "{EA599251-5AAC-4BEF-9001-05A3F35585D6}"
EndProject
Project("{2150E333-8FDC-42A3-9474-1A3956D46DE8}") = "sample", "sample", "{1A3A23F8-DA4A-44BD-BD8E-6EF61C2A8007}"
EndProject
Project("{FAE04EC0-301F-11D3-BF4B-00C04F79EFBC}") = "BitFlyer.Sample", "sample\BitFlyer.Sample\BitFlyer.Sample.csproj", "{DCD04ED8-AE91-4F95-BCBE-ECCA2F3B3ED1}"
EndProject
Project("{9A19103F-16F7-4668-BE54-9A1E7A4F7556}") = "BitFlyer.Apis", "src\BitFlyer.Apis\BitFlyer.Apis.csproj", "{775CDEFD-0C0F-44EC-A999-81A97E1B49E3}"
EndProject
Project("{9A19103F-16F7-4668-BE54-9A1E7A4F7556}") = "BitFlyer.Apis.Test.NetCore", "test\BitFlyer.Apis.Test.NetCore\BitFlyer.Apis.Test.NetCore.csproj", "{86CC738A-615E-4FED-BD02-18B2BC27A953}"
EndProject
Project("{FAE04EC0-301F-11D3-BF4B-00C04F79EFBC}") = "BitFlyer.Apis.Test", "test\BitFlyer.Apis.Test\BitFlyer.Apis.Test.csproj", "{628CEC6E-CCCF-463E-A22D-036162F99086}"
EndProject
Project("{FAE04EC0-301F-11D3-BF4B-00C04F79EFBC}") = "BitFlyer.Apis.Test.Core", "test\BitFlyer.Apis.Test.Core\BitFlyer.Apis.Test.Core.csproj", "{5FAA32D3-B2BA-4FCE-8B2C-7FE1AF703FDB}"
EndProject
Global
	GlobalSection(SolutionConfigurationPlatforms) = preSolution
		Debug|Any CPU = Debug|Any CPU
		Debug|ARM = Debug|ARM
		Debug|x64 = Debug|x64
		Debug|x86 = Debug|x86
		Release|Any CPU = Release|Any CPU
		Release|ARM = Release|ARM
		Release|x64 = Release|x64
		Release|x86 = Release|x86
	EndGlobalSection
	GlobalSection(ProjectConfigurationPlatforms) = postSolution
		{DCD04ED8-AE91-4F95-BCBE-ECCA2F3B3ED1}.Debug|Any CPU.ActiveCfg = Debug|Any CPU
		{DCD04ED8-AE91-4F95-BCBE-ECCA2F3B3ED1}.Debug|Any CPU.Build.0 = Debug|Any CPU
		{DCD04ED8-AE91-4F95-BCBE-ECCA2F3B3ED1}.Debug|ARM.ActiveCfg = Debug|Any CPU
		{DCD04ED8-AE91-4F95-BCBE-ECCA2F3B3ED1}.Debug|ARM.Build.0 = Debug|Any CPU
		{DCD04ED8-AE91-4F95-BCBE-ECCA2F3B3ED1}.Debug|x64.ActiveCfg = Debug|Any CPU
		{DCD04ED8-AE91-4F95-BCBE-ECCA2F3B3ED1}.Debug|x64.Build.0 = Debug|Any CPU
		{DCD04ED8-AE91-4F95-BCBE-ECCA2F3B3ED1}.Debug|x86.ActiveCfg = Debug|Any CPU
		{DCD04ED8-AE91-4F95-BCBE-ECCA2F3B3ED1}.Debug|x86.Build.0 = Debug|Any CPU
		{DCD04ED8-AE91-4F95-BCBE-ECCA2F3B3ED1}.Release|Any CPU.ActiveCfg = Release|Any CPU
		{DCD04ED8-AE91-4F95-BCBE-ECCA2F3B3ED1}.Release|Any CPU.Build.0 = Release|Any CPU
		{DCD04ED8-AE91-4F95-BCBE-ECCA2F3B3ED1}.Release|ARM.ActiveCfg = Release|Any CPU
		{DCD04ED8-AE91-4F95-BCBE-ECCA2F3B3ED1}.Release|ARM.Build.0 = Release|Any CPU
		{DCD04ED8-AE91-4F95-BCBE-ECCA2F3B3ED1}.Release|x64.ActiveCfg = Release|Any CPU
		{DCD04ED8-AE91-4F95-BCBE-ECCA2F3B3ED1}.Release|x64.Build.0 = Release|Any CPU
		{DCD04ED8-AE91-4F95-BCBE-ECCA2F3B3ED1}.Release|x86.ActiveCfg = Release|Any CPU
		{DCD04ED8-AE91-4F95-BCBE-ECCA2F3B3ED1}.Release|x86.Build.0 = Release|Any CPU
		{775CDEFD-0C0F-44EC-A999-81A97E1B49E3}.Debug|Any CPU.ActiveCfg = Debug|Any CPU
		{775CDEFD-0C0F-44EC-A999-81A97E1B49E3}.Debug|Any CPU.Build.0 = Debug|Any CPU
		{775CDEFD-0C0F-44EC-A999-81A97E1B49E3}.Debug|ARM.ActiveCfg = Debug|Any CPU
		{775CDEFD-0C0F-44EC-A999-81A97E1B49E3}.Debug|ARM.Build.0 = Debug|Any CPU
		{775CDEFD-0C0F-44EC-A999-81A97E1B49E3}.Debug|x64.ActiveCfg = Debug|Any CPU
		{775CDEFD-0C0F-44EC-A999-81A97E1B49E3}.Debug|x64.Build.0 = Debug|Any CPU
		{775CDEFD-0C0F-44EC-A999-81A97E1B49E3}.Debug|x86.ActiveCfg = Debug|Any CPU
		{775CDEFD-0C0F-44EC-A999-81A97E1B49E3}.Debug|x86.Build.0 = Debug|Any CPU
		{775CDEFD-0C0F-44EC-A999-81A97E1B49E3}.Release|Any CPU.ActiveCfg = Release|Any CPU
		{775CDEFD-0C0F-44EC-A999-81A97E1B49E3}.Release|Any CPU.Build.0 = Release|Any CPU
		{775CDEFD-0C0F-44EC-A999-81A97E1B49E3}.Release|ARM.ActiveCfg = Release|Any CPU
		{775CDEFD-0C0F-44EC-A999-81A97E1B49E3}.Release|ARM.Build.0 = Release|Any CPU
		{775CDEFD-0C0F-44EC-A999-81A97E1B49E3}.Release|x64.ActiveCfg = Release|Any CPU
		{775CDEFD-0C0F-44EC-A999-81A97E1B49E3}.Release|x64.Build.0 = Release|Any CPU
		{775CDEFD-0C0F-44EC-A999-81A97E1B49E3}.Release|x86.ActiveCfg = Release|Any CPU
		{775CDEFD-0C0F-44EC-A999-81A97E1B49E3}.Release|x86.Build.0 = Release|Any CPU
		{86CC738A-615E-4FED-BD02-18B2BC27A953}.Debug|Any CPU.ActiveCfg = Debug|Any CPU
		{86CC738A-615E-4FED-BD02-18B2BC27A953}.Debug|Any CPU.Build.0 = Debug|Any CPU
		{86CC738A-615E-4FED-BD02-18B2BC27A953}.Debug|ARM.ActiveCfg = Debug|Any CPU
		{86CC738A-615E-4FED-BD02-18B2BC27A953}.Debug|ARM.Build.0 = Debug|Any CPU
		{86CC738A-615E-4FED-BD02-18B2BC27A953}.Debug|x64.ActiveCfg = Debug|Any CPU
		{86CC738A-615E-4FED-BD02-18B2BC27A953}.Debug|x64.Build.0 = Debug|Any CPU
		{86CC738A-615E-4FED-BD02-18B2BC27A953}.Debug|x86.ActiveCfg = Debug|Any CPU
		{86CC738A-615E-4FED-BD02-18B2BC27A953}.Debug|x86.Build.0 = Debug|Any CPU
		{86CC738A-615E-4FED-BD02-18B2BC27A953}.Release|Any CPU.ActiveCfg = Release|Any CPU
		{86CC738A-615E-4FED-BD02-18B2BC27A953}.Release|Any CPU.Build.0 = Release|Any CPU
		{86CC738A-615E-4FED-BD02-18B2BC27A953}.Release|ARM.ActiveCfg = Release|Any CPU
		{86CC738A-615E-4FED-BD02-18B2BC27A953}.Release|ARM.Build.0 = Release|Any CPU
		{86CC738A-615E-4FED-BD02-18B2BC27A953}.Release|x64.ActiveCfg = Release|Any CPU
		{86CC738A-615E-4FED-BD02-18B2BC27A953}.Release|x64.Build.0 = Release|Any CPU
		{86CC738A-615E-4FED-BD02-18B2BC27A953}.Release|x86.ActiveCfg = Release|Any CPU
		{86CC738A-615E-4FED-BD02-18B2BC27A953}.Release|x86.Build.0 = Release|Any CPU
		{628CEC6E-CCCF-463E-A22D-036162F99086}.Debug|Any CPU.ActiveCfg = Debug|Any CPU
		{628CEC6E-CCCF-463E-A22D-036162F99086}.Debug|Any CPU.Build.0 = Debug|Any CPU
		{628CEC6E-CCCF-463E-A22D-036162F99086}.Debug|ARM.ActiveCfg = Debug|Any CPU
		{628CEC6E-CCCF-463E-A22D-036162F99086}.Debug|ARM.Build.0 = Debug|Any CPU
		{628CEC6E-CCCF-463E-A22D-036162F99086}.Debug|x64.ActiveCfg = Debug|Any CPU
		{628CEC6E-CCCF-463E-A22D-036162F99086}.Debug|x64.Build.0 = Debug|Any CPU
		{628CEC6E-CCCF-463E-A22D-036162F99086}.Debug|x86.ActiveCfg = Debug|Any CPU
		{628CEC6E-CCCF-463E-A22D-036162F99086}.Debug|x86.Build.0 = Debug|Any CPU
		{628CEC6E-CCCF-463E-A22D-036162F99086}.Release|Any CPU.ActiveCfg = Release|Any CPU
		{628CEC6E-CCCF-463E-A22D-036162F99086}.Release|Any CPU.Build.0 = Release|Any CPU
		{628CEC6E-CCCF-463E-A22D-036162F99086}.Release|ARM.ActiveCfg = Release|Any CPU
		{628CEC6E-CCCF-463E-A22D-036162F99086}.Release|ARM.Build.0 = Release|Any CPU
		{628CEC6E-CCCF-463E-A22D-036162F99086}.Release|x64.ActiveCfg = Release|Any CPU
		{628CEC6E-CCCF-463E-A22D-036162F99086}.Release|x64.Build.0 = Release|Any CPU
		{628CEC6E-CCCF-463E-A22D-036162F99086}.Release|x86.ActiveCfg = Release|Any CPU
		{628CEC6E-CCCF-463E-A22D-036162F99086}.Release|x86.Build.0 = Release|Any CPU
		{5FAA32D3-B2BA-4FCE-8B2C-7FE1AF703FDB}.Debug|Any CPU.ActiveCfg = Debug|Any CPU
		{5FAA32D3-B2BA-4FCE-8B2C-7FE1AF703FDB}.Debug|Any CPU.Build.0 = Debug|Any CPU
		{5FAA32D3-B2BA-4FCE-8B2C-7FE1AF703FDB}.Debug|ARM.ActiveCfg = Debug|Any CPU
		{5FAA32D3-B2BA-4FCE-8B2C-7FE1AF703FDB}.Debug|ARM.Build.0 = Debug|Any CPU
		{5FAA32D3-B2BA-4FCE-8B2C-7FE1AF703FDB}.Debug|x64.ActiveCfg = Debug|Any CPU
		{5FAA32D3-B2BA-4FCE-8B2C-7FE1AF703FDB}.Debug|x64.Build.0 = Debug|Any CPU
		{5FAA32D3-B2BA-4FCE-8B2C-7FE1AF703FDB}.Debug|x86.ActiveCfg = Debug|Any CPU
		{5FAA32D3-B2BA-4FCE-8B2C-7FE1AF703FDB}.Debug|x86.Build.0 = Debug|Any CPU
		{5FAA32D3-B2BA-4FCE-8B2C-7FE1AF703FDB}.Release|Any CPU.ActiveCfg = Release|Any CPU
		{5FAA32D3-B2BA-4FCE-8B2C-7FE1AF703FDB}.Release|Any CPU.Build.0 = Release|Any CPU
		{5FAA32D3-B2BA-4FCE-8B2C-7FE1AF703FDB}.Release|ARM.ActiveCfg = Release|Any CPU
		{5FAA32D3-B2BA-4FCE-8B2C-7FE1AF703FDB}.Release|ARM.Build.0 = Release|Any CPU
		{5FAA32D3-B2BA-4FCE-8B2C-7FE1AF703FDB}.Release|x64.ActiveCfg = Release|Any CPU
		{5FAA32D3-B2BA-4FCE-8B2C-7FE1AF703FDB}.Release|x64.Build.0 = Release|Any CPU
		{5FAA32D3-B2BA-4FCE-8B2C-7FE1AF703FDB}.Release|x86.ActiveCfg = Release|Any CPU
		{5FAA32D3-B2BA-4FCE-8B2C-7FE1AF703FDB}.Release|x86.Build.0 = Release|Any CPU
	EndGlobalSection
	GlobalSection(SolutionProperties) = preSolution
		HideSolutionNode = FALSE
	EndGlobalSection
	GlobalSection(NestedProjects) = preSolution
		{DCD04ED8-AE91-4F95-BCBE-ECCA2F3B3ED1} = {1A3A23F8-DA4A-44BD-BD8E-6EF61C2A8007}
		{775CDEFD-0C0F-44EC-A999-81A97E1B49E3} = {2911F2CC-1BDB-46FD-806E-129202A37F75}
		{86CC738A-615E-4FED-BD02-18B2BC27A953} = {6C5AC821-D3E9-4FD3-BF1D-4EE546F611CC}
		{628CEC6E-CCCF-463E-A22D-036162F99086} = {6C5AC821-D3E9-4FD3-BF1D-4EE546F611CC}
		{5FAA32D3-B2BA-4FCE-8B2C-7FE1AF703FDB} = {6C5AC821-D3E9-4FD3-BF1D-4EE546F611CC}
	EndGlobalSection
	GlobalSection(ExtensibilityGlobals) = postSolution
		SolutionGuid = {A24C07AC-9E6B-4172-B043-0A9BC6D4E592}
	EndGlobalSection
EndGlobal
